
Microsoft Visual Studio Solution File, Format Version 12.00
# Visual Studio 14
VisualStudioVersion = 14.0.25420.1
MinimumVisualStudioVersion = 10.0.40219.1
Project("{8BC9CEB8-8B4A-11D0-8D11-00A0C91BC942}") = "FaceBeauty", "FaceBeauty\FaceBeauty.vcxproj", "{90657D83-4C23-41E2-B84F-C8711A9F3B91}"
EndProject
Project("{8BC9CEB8-8B4A-11D0-8D11-00A0C91BC942}") = "SkinDetect", "SkinDetect\SkinDetect.vcxproj", "{E49AF00D-77DE-4997-B359-AEF7710CB40E}"
EndProject
Project("{8BC9CEB8-8B4A-11D0-8D11-00A0C91BC942}") = "FaceDetect", "FaceDetect\FaceDetect.vcxproj", "{5109DA46-9019-4E37-A3A8-32DEAC60B9A9}"
EndProject
Project("{8BC9CEB8-8B4A-11D0-8D11-00A0C91BC942}") = "EdgePreservingFilter", "EdgePreservingFilter\EdgePreservingFilter.vcxproj", "{E974BB5D-019D-485A-9172-9F443F2D18BF}"
EndProject
Project("{8BC9CEB8-8B4A-11D0-8D11-00A0C91BC942}") = "SkinWhiten", "SkinWhiten\SkinWhiten.vcxproj", "{29C7220A-6AA7-4ECC-A0E0-F989586DD6E2}"
EndProject
Global
	GlobalSection(SolutionConfigurationPlatforms) = preSolution
		Debug|x64 = Debug|x64
		Debug|x86 = Debug|x86
		Release|x64 = Release|x64
		Release|x86 = Release|x86
	EndGlobalSection
	GlobalSection(ProjectConfigurationPlatforms) = postSolution
		{90657D83-4C23-41E2-B84F-C8711A9F3B91}.Debug|x64.ActiveCfg = Debug|x64
		{90657D83-4C23-41E2-B84F-C8711A9F3B91}.Debug|x64.Build.0 = Debug|x64
		{90657D83-4C23-41E2-B84F-C8711A9F3B91}.Debug|x86.ActiveCfg = Debug|Win32
		{90657D83-4C23-41E2-B84F-C8711A9F3B91}.Debug|x86.Build.0 = Debug|Win32
		{90657D83-4C23-41E2-B84F-C8711A9F3B91}.Release|x64.ActiveCfg = Release|x64
		{90657D83-4C23-41E2-B84F-C8711A9F3B91}.Release|x64.Build.0 = Release|x64
		{90657D83-4C23-41E2-B84F-C8711A9F3B91}.Release|x86.ActiveCfg = Release|Win32
		{90657D83-4C23-41E2-B84F-C8711A9F3B91}.Release|x86.Build.0 = Release|Win32
		{E49AF00D-77DE-4997-B359-AEF7710CB40E}.Debug|x64.ActiveCfg = Debug|x64
		{E49AF00D-77DE-4997-B359-AEF7710CB40E}.Debug|x64.Build.0 = Debug|x64
		{E49AF00D-77DE-4997-B359-AEF7710CB40E}.Debug|x86.ActiveCfg = Debug|Win32
		{E49AF00D-77DE-4997-B359-AEF7710CB40E}.Debug|x86.Build.0 = Debug|Win32
		{E49AF00D-77DE-4997-B359-AEF7710CB40E}.Release|x64.ActiveCfg = Release|x64
		{E49AF00D-77DE-4997-B359-AEF7710CB40E}.Release|x64.Build.0 = Release|x64
		{E49AF00D-77DE-4997-B359-AEF7710CB40E}.Release|x86.ActiveCfg = Release|Win32
		{E49AF00D-77DE-4997-B359-AEF7710CB40E}.Release|x86.Build.0 = Release|Win32
		{5109DA46-9019-4E37-A3A8-32DEAC60B9A9}.Debug|x64.ActiveCfg = Debug|x64
		{5109DA46-9019-4E37-A3A8-32DEAC60B9A9}.Debug|x64.Build.0 = Debug|x64
		{5109DA46-9019-4E37-A3A8-32DEAC60B9A9}.Debug|x86.ActiveCfg = Debug|Win32
		{5109DA46-9019-4E37-A3A8-32DEAC60B9A9}.Debug|x86.Build.0 = Debug|Win32
		{5109DA46-9019-4E37-A3A8-32DEAC60B9A9}.Release|x64.ActiveCfg = Release|x64
		{5109DA46-9019-4E37-A3A8-32DEAC60B9A9}.Release|x64.Build.0 = Release|x64
		{5109DA46-9019-4E37-A3A8-32DEAC60B9A9}.Release|x86.ActiveCfg = Release|Win32
		{5109DA46-9019-4E37-A3A8-32DEAC60B9A9}.Release|x86.Build.0 = Release|Win32
		{E974BB5D-019D-485A-9172-9F443F2D18BF}.Debug|x64.ActiveCfg = Debug|x64
		{E974BB5D-019D-485A-9172-9F443F2D18BF}.Debug|x64.Build.0 = Debug|x64
		{E974BB5D-019D-485A-9172-9F443F2D18BF}.Debug|x86.ActiveCfg = Debug|Win32
		{E974BB5D-019D-485A-9172-9F443F2D18BF}.Debug|x86.Build.0 = Debug|Win32
		{E974BB5D-019D-485A-9172-9F443F2D18BF}.Release|x64.ActiveCfg = Release|x64
		{E974BB5D-019D-485A-9172-9F443F2D18BF}.Release|x64.Build.0 = Release|x64
		{E974BB5D-019D-485A-9172-9F443F2D18BF}.Release|x86.ActiveCfg = Release|Win32
		{E974BB5D-019D-485A-9172-9F443F2D18BF}.Release|x86.Build.0 = Release|Win32
		{29C7220A-6AA7-4ECC-A0E0-F989586DD6E2}.Debug|x64.ActiveCfg = Debug|x64
		{29C7220A-6AA7-4ECC-A0E0-F989586DD6E2}.Debug|x64.Build.0 = Debug|x64
		{29C7220A-6AA7-4ECC-A0E0-F989586DD6E2}.Debug|x86.ActiveCfg = Debug|Win32
		{29C7220A-6AA7-4ECC-A0E0-F989586DD6E2}.Debug|x86.Build.0 = Debug|Win32
		{29C7220A-6AA7-4ECC-A0E0-F989586DD6E2}.Release|x64.ActiveCfg = Release|x64
		{29C7220A-6AA7-4ECC-A0E0-F989586DD6E2}.Release|x64.Build.0 = Release|x64
		{29C7220A-6AA7-4ECC-A0E0-F989586DD6E2}.Release|x86.ActiveCfg = Release|Win32
		{29C7220A-6AA7-4ECC-A0E0-F989586DD6E2}.Release|x86.Build.0 = Release|Win32
	EndGlobalSection
	GlobalSection(SolutionProperties) = preSolution
		HideSolutionNode = FALSE
	EndGlobalSection
EndGlobal
